<?xml version="1.0" encoding="utf-8"?>
<Project ToolsVersion="4.0" xmlns="http://schemas.microsoft.com/developer/msbuild/2003">
  <ItemGroup>
    <Filter Include="File di origine">
      <UniqueIdentifier>{4FC737F1-C7A5-4376-A066-2A32D752A2FF}</UniqueIdentifier>
      <Extensions>cpp;c;cc;cxx;c++;cppm;ixx;def;odl;idl;hpj;bat;asm;asmx</Extensions>
    </Filter>
    <Filter Include="File di intestazione">
      <UniqueIdentifier>{93995380-89BD-4b04-88EB-625FBE52EBFB}</UniqueIdentifier>
      <Extensions>h;hh;hpp;hxx;h++;hm;inl;inc;ipp;xsd</Extensions>
    </Filter>
    <Filter Include="File di risorse">
      <UniqueIdentifier>{67DA6AB6-F800-4c08-8B7A-83BB121AAD01}</UniqueIdentifier>
      <Extensions>rc;ico;cur;bmp;dlg;rc2;rct;bin;rgs;gif;jpg;jpeg;jpe;resx;tiff;tif;png;wav;mfcribbon-ms</Extensions>
    </Filter>
    <Filter Include="File di origine\core">
      <UniqueIdentifier>{3e72111f-92a4-494a-8b9b-d6da4abd5de4}</UniqueIdentifier>
    </Filter>
    <Filter Include="File di origine\characters">
      <UniqueIdentifier>{85821a77-c13a-4330-b0ce-743b2268d168}</UniqueIdentifier>
    </Filter>
    <Filter Include="File di origine\core\shaders">
      <UniqueIdentifier>{eed5eab1-59b4-4687-bcae-75ea97b1ac40}</UniqueIdentifier>
    </Filter>
  </ItemGroup>
  <ItemGroup>
    <ClInclude Include="stb_image.h">
      <Filter>File di intestazione</Filter>
    </ClInclude>
    <ClInclude Include="utils.h">
      <Filter>File di origine</Filter>
    </ClInclude>
    <ClInclude Include="core\quad.h">
      <Filter>File di origine\core</Filter>
    </ClInclude>
    <ClInclude Include="core\shader.h">
      <Filter>File di origine\core</Filter>
    </ClInclude>
    <ClInclude Include="characters\block.h">
      <Filter>File di origine\characters</Filter>
    </ClInclude>
    <ClInclude Include="core\camera.h">
      <Filter>File di origine\characters</Filter>
    </ClInclude>
    <ClInclude Include="characters\character.h">
      <Filter>File di origine\characters</Filter>
    </ClInclude>
    <ClInclude Include="characters\mo.h">
      <Filter>File di origine\characters</Filter>
    </ClInclude>
    <ClInclude Include="characters\rubbish.h">
      <Filter>File di origine\characters</Filter>
    </ClInclude>
    <ClInclude Include="characters\walle.h">
      <Filter>File di origine\characters</Filter>
    </ClInclude>
    <ClInclude Include="core\mesh.h">
      <Filter>File di origine\core</Filter>
    </ClInclude>
    <ClInclude Include="core\model.h">
      <Filter>File di origine\core</Filter>
    </ClInclude>
    <ClInclude Include="core\text.h">
      <Filter>File di origine\core</Filter>
    </ClInclude>
    <ClInclude Include="globals\scene_manager.h">
      <Filter>File di intestazione</Filter>
    </ClInclude>
    <ClInclude Include="characters\eve.h">
      <Filter>File di intestazione</Filter>
    </ClInclude>
    <ClInclude Include="core\light.h">
      <Filter>File di intestazione</Filter>
    </ClInclude>
    <ClInclude Include="scenes\game_scene.h">
      <Filter>File di intestazione</Filter>
    </ClInclude>
    <ClInclude Include="core\collision_shape.h">
      <Filter>File di intestazione</Filter>
    </ClInclude>
    <ClInclude Include="characters\wind.h">
      <Filter>File di intestazione</Filter>
    </ClInclude>
    <ClInclude Include="globals\stats_manager.h">
      <Filter>File di intestazione</Filter>
    </ClInclude>
    <ClInclude Include="characters\image.h">
      <Filter>File di intestazione</Filter>
    </ClInclude>
    <ClInclude Include="core\pool.h">
      <Filter>File di intestazione</Filter>
    </ClInclude>
    <ClInclude Include="core\scene.h">
      <Filter>File di intestazione</Filter>
    </ClInclude>
    <ClInclude Include="core\timer.h">
      <Filter>File di intestazione</Filter>
    </ClInclude>
    <ClInclude Include="scenes\main_menu_scene.h">
      <Filter>File di intestazione</Filter>
    </ClInclude>
    <ClInclude Include="scenes\game_over_scene.h">
      <Filter>File di intestazione</Filter>
    </ClInclude>
    <ClInclude Include="scenes\welcome_scene.h">
      <Filter>File di intestazione</Filter>
    </ClInclude>
    <ClInclude Include="scenes\i_menu_subscene.h">
      <Filter>File di intestazione</Filter>
    </ClInclude>
    <ClInclude Include="scenes\difficulty_scene.h">
      <Filter>File di intestazione</Filter>
    </ClInclude>
    <ClInclude Include="scenes\instructions_scene.h">
      <Filter>File di intestazione</Filter>
    </ClInclude>
    <ClInclude Include="globals\file_manager.h">
      <Filter>File di intestazione</Filter>
    </ClInclude>
    <ClInclude Include="characters\explosion.h">
      <Filter>File di intestazione</Filter>
    </ClInclude>
    <ClInclude Include="json.hpp">
      <Filter>File di intestazione</Filter>
    </ClInclude>
    <ClInclude Include="scenes\i_grab_ui.h">
      <Filter>File di intestazione</Filter>
    </ClInclude>
  </ItemGroup>
  <ItemGroup>
    <ClCompile Include="glad.c">
      <Filter>File di origine</Filter>
    </ClCompile>
    <ClCompile Include="Main.cpp">
      <Filter>File di origine</Filter>
    </ClCompile>
    <ClCompile Include="stb_image.cpp">
      <Filter>File di origine</Filter>
    </ClCompile>
    <ClCompile Include="core\quad.cpp">
      <Filter>File di origine\core</Filter>
    </ClCompile>
    <ClCompile Include="globals\scene_manager.cpp">
      <Filter>File di origine</Filter>
    </ClCompile>
  </ItemGroup>
  <ItemGroup>
    <None Include="core\shaders\GUI_shader.fs">
      <Filter>File di origine\core\shaders</Filter>
    </None>
    <None Include="core\shaders\GUI_shader.vs">
      <Filter>File di origine\core\shaders</Filter>
    </None>
    <None Include="core\shaders\menu_sprite_shader.fs">
      <Filter>File di origine\core\shaders</Filter>
    </None>
    <None Include="core\shaders\sprite_shader.vs">
      <Filter>File di origine\core\shaders</Filter>
    </None>
    <None Include="core\shaders\text_shader.fs">
      <Filter>File di origine\core\shaders</Filter>
    </None>
    <None Include="core\shaders\text_shader.vs">
      <Filter>File di origine\core\shaders</Filter>
    </None>
    <None Include="core\shaders\PBR_shader.fs" />
    <None Include="core\shaders\PBR_shader.vs" />
    <None Include="core\shaders\ingame_sprite_shader.fs" />
  </ItemGroup>
  <ItemGroup>
    <Image Include="assets\models\mela\mela.png">
      <Filter>File di risorse</Filter>
    </Image>
    <Image Include="assets\models\walle_placeholder.png">
      <Filter>File di risorse</Filter>
    </Image>
    <Image Include="assets\textures\block.png">
      <Filter>File di risorse</Filter>
    </Image>
    <Image Include="assets\textures\eve.png">
      <Filter>File di risorse</Filter>
    </Image>
    <Image Include="assets\textures\mo.png">
      <Filter>File di risorse</Filter>
    </Image>
    <Image Include="assets\textures\rubbish.png">
      <Filter>File di risorse</Filter>
    </Image>
    <Image Include="assets\textures\walle.png">
      <Filter>File di risorse</Filter>
    </Image>
    <Image Include="assets\textures\bg_placeholder.png">
      <Filter>File di risorse</Filter>
    </Image>
    <Image Include="assets\textures\bg_happy.png">
      <Filter>File di risorse</Filter>
    </Image>
    <Image Include="assets\textures\bg_menu_placeholder.png">
      <Filter>File di risorse</Filter>
    </Image>
    <Image Include="assets\textures\bg_sad.png">
      <Filter>File di risorse</Filter>
    </Image>
    <Image Include="assets\textures\rubbish_atlas.png">
      <Filter>File di risorse</Filter>
    </Image>
    <Image Include="assets\textures\walle-test.png">
      <Filter>File di risorse</Filter>
    </Image>
    <Image Include="assets\textures\explosion_atlas.png">
      <Filter>File di risorse</Filter>
    </Image>
    <Image Include="assets\textures\ui\custom.png">
      <Filter>File di risorse</Filter>
    </Image>
    <Image Include="assets\textures\ui\easy.png">
      <Filter>File di risorse</Filter>
    </Image>
    <Image Include="assets\textures\ui\gui_base.png">
      <Filter>File di risorse</Filter>
    </Image>
    <Image Include="assets\textures\ui\hard.png">
      <Filter>File di risorse</Filter>
    </Image>
    <Image Include="assets\textures\ui\instructions_mo.png">
      <Filter>File di risorse</Filter>
    </Image>
    <Image Include="assets\textures\ui\instructions_walle.png">
      <Filter>File di risorse</Filter>
    </Image>
    <Image Include="assets\textures\ui\medium.png">
      <Filter>File di risorse</Filter>
    </Image>
    <Image Include="assets\textures\ui\play_button.png">
      <Filter>File di risorse</Filter>
    </Image>
    <Image Include="assets\textures\ui\compressor_atlas.png">
      <Filter>File di risorse</Filter>
    </Image>
    <Image Include="assets\textures\ui\daytime_atlas.png">
      <Filter>File di risorse</Filter>
    </Image>
    <Image Include="assets\textures\ui\back_button.png">
      <Filter>File di risorse</Filter>
    </Image>
    <Image Include="assets\textures\ui\button.png">
      <Filter>File di risorse</Filter>
    </Image>
    <Image Include="assets\textures\ui\tutorial_button.png">
      <Filter>File di risorse</Filter>
    </Image>
  </ItemGroup>
  <ItemGroup>
    <Font Include="assets\fonts\Antonio\static\Antonio-Bold.ttf" />
  </ItemGroup>
  <ItemGroup>
    <Media Include="assets\audio\walle_moving.wav">
      <Filter>File di risorse</Filter>
    </Media>
    <Media Include="assets\audio\eve_moving.wav">
      <Filter>File di risorse</Filter>
    </Media>
    <Media Include="assets\audio\junk_picked_up.wav">
      <Filter>File di risorse</Filter>
    </Media>
    <Media Include="assets\audio\pin_image.wav">
      <Filter>File di risorse</Filter>
    </Media>
    <Media Include="assets\audio\unpin_image.wav">
      <Filter>File di risorse</Filter>
    </Media>
    <Media Include="assets\audio\ui_click.wav">
      <Filter>File di risorse</Filter>
    </Media>
    <Media Include="assets\audio\walle_compacting.wav">
      <Filter>File di risorse</Filter>
    </Media>
    <Media Include="assets\audio\walle_disconfort.wav">
      <Filter>File di risorse</Filter>
    </Media>
    <Media Include="assets\audio\walle_random.wav">
      <Filter>File di risorse</Filter>
    </Media>
    <Media Include="assets\audio\walle_sad.wav">
      <Filter>File di risorse</Filter>
    </Media>
    <Media Include="assets\audio\walle_whistle.wav">
      <Filter>File di risorse</Filter>
    </Media>
    <Media Include="assets\audio\walle_yeah.wav">
      <Filter>File di risorse</Filter>
    </Media>
    <Media Include="assets\audio\mo_release.wav">
      <Filter>File di risorse</Filter>
    </Media>
    <Media Include="assets\audio\mo_pickup.wav">
      <Filter>File di risorse</Filter>
    </Media>
    <Media Include="assets\audio\wind_gust.wav">
      <Filter>File di risorse</Filter>
    </Media>
    <Media Include="assets\audio\boot_up.wav">
      <Filter>File di risorse</Filter>
    </Media>
    <Media Include="assets\audio\explosion.wav">
      <Filter>File di risorse</Filter>
    </Media>
    <Media Include="assets\audio\happy_game_over.wav">
      <Filter>File di risorse</Filter>
    </Media>
    <Media Include="assets\audio\sad_game_over.wav">
      <Filter>File di risorse</Filter>
    </Media>
    <Media Include="assets\audio\bomb_ticking.wav">
      <Filter>File di risorse</Filter>
    </Media>
  </ItemGroup>
</Project>